// !$*UTF8*$!
{
	archiveVersion = 1;
	classes = {
	};
	objectVersion = 56;
	objects = {

/* Begin PBXBuildFile section */
		181F131C2B80FD1800565F6B /* Question.swift in Sources */ = {isa = PBXBuildFile; fileRef = 181F131B2B80FD1800565F6B /* Question.swift */; };
		18AA3D482B7FB64900A92CA5 /* AppDelegate.swift in Sources */ = {isa = PBXBuildFile; fileRef = 18AA3D472B7FB64900A92CA5 /* AppDelegate.swift */; };
		18AA3D4A2B7FB64900A92CA5 /* SceneDelegate.swift in Sources */ = {isa = PBXBuildFile; fileRef = 18AA3D492B7FB64900A92CA5 /* SceneDelegate.swift */; };
		18AA3D4C2B7FB64900A92CA5 /* IntroductionViewController.swift in Sources */ = {isa = PBXBuildFile; fileRef = 18AA3D4B2B7FB64900A92CA5 /* IntroductionViewController.swift */; };
		18AA3D4F2B7FB64900A92CA5 /* Main.storyboard in Resources */ = {isa = PBXBuildFile; fileRef = 18AA3D4D2B7FB64900A92CA5 /* Main.storyboard */; };
		18AA3D512B7FB64B00A92CA5 /* Assets.xcassets in Resources */ = {isa = PBXBuildFile; fileRef = 18AA3D502B7FB64B00A92CA5 /* Assets.xcassets */; };
		18AA3D542B7FB64B00A92CA5 /* LaunchScreen.storyboard in Resources */ = {isa = PBXBuildFile; fileRef = 18AA3D522B7FB64B00A92CA5 /* LaunchScreen.storyboard */; };
		18AA3D5C2B80EE0200A92CA5 /* QuestionViewController.swift in Sources */ = {isa = PBXBuildFile; fileRef = 18AA3D5B2B80EE0200A92CA5 /* QuestionViewController.swift */; };
		18AA3D5E2B80EE1700A92CA5 /* ResultsViewController.swift in Sources */ = {isa = PBXBuildFile; fileRef = 18AA3D5D2B80EE1700A92CA5 /* ResultsViewController.swift */; };
/* End PBXBuildFile section */

/* Begin PBXFileReference section */
		181F131B2B80FD1800565F6B /* Question.swift */ = {isa = PBXFileReference; lastKnownFileType = sourcecode.swift; path = Question.swift; sourceTree = "<group>"; };
		18AA3D442B7FB64900A92CA5 /* PersonalityQuiz_Leger.app */ = {isa = PBXFileReference; explicitFileType = wrapper.application; includeInIndex = 0; path = PersonalityQuiz_Leger.app; sourceTree = BUILT_PRODUCTS_DIR; };
		18AA3D472B7FB64900A92CA5 /* AppDelegate.swift */ = {isa = PBXFileReference; lastKnownFileType = sourcecode.swift; path = AppDelegate.swift; sourceTree = "<group>"; };
		18AA3D492B7FB64900A92CA5 /* SceneDelegate.swift */ = {isa = PBXFileReference; lastKnownFileType = sourcecode.swift; path = SceneDelegate.swift; sourceTree = "<group>"; };
		18AA3D4B2B7FB64900A92CA5 /* IntroductionViewController.swift */ = {isa = PBXFileReference; lastKnownFileType = sourcecode.swift; path = IntroductionViewController.swift; sourceTree = "<group>"; };
		18AA3D4E2B7FB64900A92CA5 /* Base */ = {isa = PBXFileReference; lastKnownFileType = file.storyboard; name = Base; path = Base.lproj/Main.storyboard; sourceTree = "<group>"; };
		18AA3D502B7FB64B00A92CA5 /* Assets.xcassets */ = {isa = PBXFileReference; lastKnownFileType = folder.assetcatalog; path = Assets.xcassets; sourceTree = "<group>"; };
		18AA3D532B7FB64B00A92CA5 /* Base */ = {isa = PBXFileReference; lastKnownFileType = file.storyboard; name = Base; path = Base.lproj/LaunchScreen.storyboard; sourceTree = "<group>"; };
		18AA3D552B7FB64B00A92CA5 /* Info.plist */ = {isa = PBXFileReference; lastKnownFileType = text.plist.xml; path = Info.plist; sourceTree = "<group>"; };
		18AA3D5B2B80EE0200A92CA5 /* QuestionViewController.swift */ = {isa = PBXFileReference; lastKnownFileType = sourcecode.swift; path = QuestionViewController.swift; sourceTree = "<group>"; };
		18AA3D5D2B80EE1700A92CA5 /* ResultsViewController.swift */ = {isa = PBXFileReference; lastKnownFileType = sourcecode.swift; path = ResultsViewController.swift; sourceTree = "<group>"; };
/* End PBXFileReference section */

/* Begin PBXFrameworksBuildPhase section */
		18AA3D412B7FB64900A92CA5 /* Frameworks */ = {
			isa = PBXFrameworksBuildPhase;
			buildActionMask = 2147483647;
			files = (
			);
			runOnlyForDeploymentPostprocessing = 0;
		};
/* End PBXFrameworksBuildPhase section */

/* Begin PBXGroup section */
		18AA3D3B2B7FB64900A92CA5 = {
			isa = PBXGroup;
			children = (
				18AA3D462B7FB64900A92CA5 /* PersonalityQuiz_Leger */,
				18AA3D452B7FB64900A92CA5 /* Products */,
			);
			sourceTree = "<group>";
		};
		18AA3D452B7FB64900A92CA5 /* Products */ = {
			isa = PBXGroup;
			children = (
				18AA3D442B7FB64900A92CA5 /* PersonalityQuiz_Leger.app */,
			);
			name = Products;
			sourceTree = "<group>";
		};
		18AA3D462B7FB64900A92CA5 /* PersonalityQuiz_Leger */ = {
			isa = PBXGroup;
			children = (
				18AA3D472B7FB64900A92CA5 /* AppDelegate.swift */,
				18AA3D492B7FB64900A92CA5 /* SceneDelegate.swift */,
				18AA3D4B2B7FB64900A92CA5 /* IntroductionViewController.swift */,
				18AA3D5B2B80EE0200A92CA5 /* QuestionViewController.swift */,
				18AA3D5D2B80EE1700A92CA5 /* ResultsViewController.swift */,
				18AA3D4D2B7FB64900A92CA5 /* Main.storyboard */,
				181F131B2B80FD1800565F6B /* Question.swift */,
				18AA3D502B7FB64B00A92CA5 /* Assets.xcassets */,
				18AA3D522B7FB64B00A92CA5 /* LaunchScreen.storyboard */,
				18AA3D552B7FB64B00A92CA5 /* Info.plist */,
			);
			path = PersonalityQuiz_Leger;
			sourceTree = "<group>";
		};
/* End PBXGroup section */

/* Begin PBXNativeTarget section */
		18AA3D432B7FB64900A92CA5 /* PersonalityQuiz_Leger */ = {
			isa = PBXNativeTarget;
			buildConfigurationList = 18AA3D582B7FB64B00A92CA5 /* Build configuration list for PBXNativeTarget "PersonalityQuiz_Leger" */;
			buildPhases = (
				18AA3D402B7FB64900A92CA5 /* Sources */,
				18AA3D412B7FB64900A92CA5 /* Frameworks */,
				18AA3D422B7FB64900A92CA5 /* Resources */,
			);
			buildRules = (
			);
			dependencies = (
			);
			name = PersonalityQuiz_Leger;
			productName = PersonalityQuiz_Leger;
			productReference = 18AA3D442B7FB64900A92CA5 /* PersonalityQuiz_Leger.app */;
			productType = "com.apple.product-type.application";
		};
/* End PBXNativeTarget section */

/* Begin PBXProject section */
		18AA3D3C2B7FB64900A92CA5 /* Project object */ = {
			isa = PBXProject;
			attributes = {
				BuildIndependentTargetsInParallel = 1;
				LastSwiftUpdateCheck = 1510;
				LastUpgradeCheck = 1510;
				ORGANIZATIONNAME = "Angelle Leger Rutgers University";
				TargetAttributes = {
					18AA3D432B7FB64900A92CA5 = {
						CreatedOnToolsVersion = 15.1;
					};
				};
			};
			buildConfigurationList = 18AA3D3F2B7FB64900A92CA5 /* Build configuration list for PBXProject "PersonalityQuiz_Leger" */;
			compatibilityVersion = "Xcode 14.0";
			developmentRegion = en;
			hasScannedForEncodings = 0;
			knownRegions = (
				en,
				Base,
			);
			mainGroup = 18AA3D3B2B7FB64900A92CA5;
			productRefGroup = 18AA3D452B7FB64900A92CA5 /* Products */;
			projectDirPath = "";
			projectRoot = "";
			targets = (
				18AA3D432B7FB64900A92CA5 /* PersonalityQuiz_Leger */,
			);
		};
/* End PBXProject section */

/* Begin PBXResourcesBuildPhase section */
		18AA3D422B7FB64900A92CA5 /* Resources */ = {
			isa = PBXResourcesBuildPhase;
			buildActionMask = 2147483647;
			files = (
				18AA3D542B7FB64B00A92CA5 /* LaunchScreen.storyboard in Resources */,
				18AA3D512B7FB64B00A92CA5 /* Assets.xcassets in Resources */,
				18AA3D4F2B7FB64900A92CA5 /* Main.storyboard in Resources */,
			);
			runOnlyForDeploymentPostprocessing = 0;
		};
/* End PBXResourcesBuildPhase section */

/* Begin PBXSourcesBuildPhase section */
		18AA3D402B7FB64900A92CA5 /* Sources */ = {
			isa = PBXSourcesBuildPhase;
			buildActionMask = 2147483647;
			files = (
				18AA3D4C2B7FB64900A92CA5 /* IntroductionViewController.swift in Sources */,
				18AA3D482B7FB64900A92CA5 /* AppDelegate.swift in Sources */,
				18AA3D5C2B80EE0200A92CA5 /* QuestionViewController.swift in Sources */,
				181F131C2B80FD1800565F6B /* Question.swift in Sources */,
				18AA3D5E2B80EE1700A92CA5 /* ResultsViewController.swift in Sources */,
				18AA3D4A2B7FB64900A92CA5 /* SceneDelegate.swift in Sources */,
			);
			runOnlyForDeploymentPostprocessing = 0;
		};
/* End PBXSourcesBuildPhase section */

/* Begin PBXVariantGroup section */
		18AA3D4D2B7FB64900A92CA5 /* Main.storyboard */ = {
			isa = PBXVariantGroup;
			children = (
				18AA3D4E2B7FB64900A92CA5 /* Base */,
			);
			name = Main.storyboard;
			sourceTree = "<group>";
		};
		18AA3D522B7FB64B00A92CA5 /* LaunchScreen.storyboard */ = {
			isa = PBXVariantGroup;
			children = (
				18AA3D532B7FB64B00A92CA5 /* Base */,
			);
			name = LaunchScreen.storyboard;
			sourceTree = "<group>";
		};
/* End PBXVariantGroup section */

/* Begin XCBuildConfiguration section */
		18AA3D562B7FB64B00A92CA5 /* Debug */ = {
			isa = XCBuildConfiguration;
			buildSettings = {
				ALWAYS_SEARCH_USER_PATHS = NO;
				ASSETCATALOG_COMPILER_GENERATE_SWIFT_ASSET_SYMBOL_EXTENSIONS = YES;
				CLANG_ANALYZER_NONNULL = YES;
				CLANG_ANALYZER_NUMBER_OBJECT_CONVERSION = YES_AGGRESSIVE;
				CLANG_CXX_LANGUAGE_STANDARD = "gnu++20";
				CLANG_ENABLE_MODULES = YES;
				CLANG_ENABLE_OBJC_ARC = YES;
				CLANG_ENABLE_OBJC_WEAK = YES;
				CLANG_WARN_BLOCK_CAPTURE_AUTORELEASING = YES;
				CLANG_WARN_BOOL_CONVERSION = YES;
				CLANG_WARN_COMMA = YES;
				CLANG_WARN_CONSTANT_CONVERSION = YES;
				CLANG_WARN_DEPRECATED_OBJC_IMPLEMENTATIONS = YES;
				CLANG_WARN_DIRECT_OBJC_ISA_USAGE = YES_ERROR;
				CLANG_WARN_DOCUMENTATION_COMMENTS = YES;
				CLANG_WARN_EMPTY_BODY = YES;
				CLANG_WARN_ENUM_CONVERSION = YES;
				CLANG_WARN_INFINITE_RECURSION = YES;
				CLANG_WARN_INT_CONVERSION = YES;
				CLANG_WARN_NON_LITERAL_NULL_CONVERSION = YES;
				CLANG_WARN_OBJC_IMPLICIT_RETAIN_SELF = YES;
				CLANG_WARN_OBJC_LITERAL_CONVERSION = YES;
				CLANG_WARN_OBJC_ROOT_CLASS = YES_ERROR;
				CLANG_WARN_QUOTED_INCLUDE_IN_FRAMEWORK_HEADER = YES;
				CLANG_WARN_RANGE_LOOP_ANALYSIS = YES;
				CLANG_WARN_STRICT_PROTOTYPES = YES;
				CLANG_WARN_SUSPICIOUS_MOVE = YES;
				CLANG_WARN_UNGUARDED_AVAILABILITY = YES_AGGRESSIVE;
				CLANG_WARN_UNREACHABLE_CODE = YES;
				CLANG_WARN__DUPLICATE_METHOD_MATCH = YES;
				COPY_PHASE_STRIP = NO;
				DEBUG_INFORMATION_FORMAT = dwarf;
				ENABLE_STRICT_OBJC_MSGSEND = YES;
				ENABLE_TESTABILITY = YES;
				ENABLE_USER_SCRIPT_SANDBOXING = YES;
				GCC_C_LANGUAGE_STANDARD = gnu17;
				GCC_DYNAMIC_NO_PIC = NO;
				GCC_NO_COMMON_BLOCKS = YES;
				GCC_OPTIMIZATION_LEVEL = 0;
				GCC_PREPROCESSOR_DEFINITIONS = (
					"DEBUG=1",
					"$(inherited)",
				);
				GCC_WARN_64_TO_32_BIT_CONVERSION = YES;
				GCC_WARN_ABOUT_RETURN_TYPE = YES_ERROR;
				GCC_WARN_UNDECLARED_SELECTOR = YES;
				GCC_WARN_UNINITIALIZED_AUTOS = YES_AGGRESSIVE;
				GCC_WARN_UNUSED_FUNCTION = YES;
				GCC_WARN_UNUSED_VARIABLE = YES;
				IPHONEOS_DEPLOYMENT_TARGET = 17.2;
				LOCALIZATION_PREFERS_STRING_CATALOGS = YES;
				MTL_ENABLE_DEBUG_INFO = INCLUDE_SOURCE;
				MTL_FAST_MATH = YES;
				ONLY_ACTIVE_ARCH = YES;
				SDKROOT = iphoneos;
				SWIFT_ACTIVE_COMPILATION_CONDITIONS = "DEBUG $(inherited)";
				SWIFT_OPTIMIZATION_LEVEL = "-Onone";
			};
			name = Debug;
		};
		18AA3D572B7FB64B00A92CA5 /* Release */ = {
			isa = XCBuildConfiguration;
			buildSettings = {
				ALWAYS_SEARCH_USER_PATHS = NO;
				ASSETCATALOG_COMPILER_GENERATE_SWIFT_ASSET_SYMBOL_EXTENSIONS = YES;
				CLANG_ANALYZER_NONNULL = YES;
				CLANG_ANALYZER_NUMBER_OBJECT_CONVERSION = YES_AGGRESSIVE;
				CLANG_CXX_LANGUAGE_STANDARD = "gnu++20";
				CLANG_ENABLE_MODULES = YES;
				CLANG_ENABLE_OBJC_ARC = YES;
				CLANG_ENABLE_OBJC_WEAK = YES;
				CLANG_WARN_BLOCK_CAPTURE_AUTORELEASING = YES;
				CLANG_WARN_BOOL_CONVERSION = YES;
				CLANG_WARN_COMMA = YES;
				CLANG_WARN_CONSTANT_CONVERSION = YES;
				CLANG_WARN_DEPRECATED_OBJC_IMPLEMENTATIONS = YES;
				CLANG_WARN_DIRECT_OBJC_ISA_USAGE = YES_ERROR;
				CLANG_WARN_DOCUMENTATION_COMMENTS = YES;
				CLANG_WARN_EMPTY_BODY = YES;
				CLANG_WARN_ENUM_CONVERSION = YES;
				CLANG_WARN_INFINITE_RECURSION = YES;
				CLANG_WARN_INT_CONVERSION = YES;
				CLANG_WARN_NON_LITERAL_NULL_CONVERSION = YES;
				CLANG_WARN_OBJC_IMPLICIT_RETAIN_SELF = YES;
				CLANG_WARN_OBJC_LITERAL_CONVERSION = YES;
				CLANG_WARN_OBJC_ROOT_CLASS = YES_ERROR;
				CLANG_WARN_QUOTED_INCLUDE_IN_FRAMEWORK_HEADER = YES;
				CLANG_WARN_RANGE_LOOP_ANALYSIS = YES;
				CLANG_WARN_STRICT_PROTOTYPES = YES;
				CLANG_WARN_SUSPICIOUS_MOVE = YES;
				CLANG_WARN_UNGUARDED_AVAILABILITY = YES_AGGRESSIVE;
				CLANG_WARN_UNREACHABLE_CODE = YES;
				CLANG_WARN__DUPLICATE_METHOD_MATCH = YES;
				COPY_PHASE_STRIP = NO;
				DEBUG_INFORMATION_FORMAT = "dwarf-with-dsym";
				ENABLE_NS_ASSERTIONS = NO;
				ENABLE_STRICT_OBJC_MSGSEND = YES;
				ENABLE_USER_SCRIPT_SANDBOXING = YES;
				GCC_C_LANGUAGE_STANDARD = gnu17;
				GCC_NO_COMMON_BLOCKS = YES;
				GCC_WARN_64_TO_32_BIT_CONVERSION = YES;
				GCC_WARN_ABOUT_RETURN_TYPE = YES_ERROR;
				GCC_WARN_UNDECLARED_SELECTOR = YES;
				GCC_WARN_UNINITIALIZED_AUTOS = YES_AGGRESSIVE;
				GCC_WARN_UNUSED_FUNCTION = YES;
				GCC_WARN_UNUSED_VARIABLE = YES;
				IPHONEOS_DEPLOYMENT_TARGET = 17.2;
				LOCALIZATION_PREFERS_STRING_CATALOGS = YES;
				MTL_ENABLE_DEBUG_INFO = NO;
				MTL_FAST_MATH = YES;
				SDKROOT = iphoneos;
				SWIFT_COMPILATION_MODE = wholemodule;
				VALIDATE_PRODUCT = YES;
			};
			name = Release;
		};
		18AA3D592B7FB64B00A92CA5 /* Debug */ = {
			isa = XCBuildConfiguration;
			buildSettings = {
				ASSETCATALOG_COMPILER_APPICON_NAME = AppIcon;
				ASSETCATALOG_COMPILER_GLOBAL_ACCENT_COLOR_NAME = AccentColor;
				CODE_SIGN_STYLE = Automatic;
				CURRENT_PROJECT_VERSION = 1;
				DEVELOPMENT_TEAM = 88K992FZGF;
				GENERATE_INFOPLIST_FILE = YES;
				INFOPLIST_FILE = PersonalityQuiz_Leger/Info.plist;
				INFOPLIST_KEY_CFBundleDisplayName = "Angelle Leger Rutgers University";
				INFOPLIST_KEY_UIApplicationSupportsIndirectInputEvents = YES;
				INFOPLIST_KEY_UILaunchStoryboardName = LaunchScreen;
				INFOPLIST_KEY_UIMainStoryboardFile = Main;
				INFOPLIST_KEY_UISupportedInterfaceOrientations_iPad = "UIInterfaceOrientationPortrait UIInterfaceOrientationPortraitUpsideDown UIInterfaceOrientationLandscapeLeft UIInterfaceOrientationLandscapeRight";
				INFOPLIST_KEY_UISupportedInterfaceOrientations_iPhone = "UIInterfaceOrientationPortrait UIInterfaceOrientationLandscapeLeft UIInterfaceOrientationLandscapeRight";
				LD_RUNPATH_SEARCH_PATHS = (
					"$(inherited)",
					"@executable_path/Frameworks",
				);
				MARKETING_VERSION = 1.0;
				PRODUCT_BUNDLE_IDENTIFIER = "Angelle-Leger-Rutgers-University.PersonalityQuiz-Leger";
				PRODUCT_NAME = "$(TARGET_NAME)";
				SWIFT_EMIT_LOC_STRINGS = YES;
				SWIFT_VERSION = 5.0;
				TARGETED_DEVICE_FAMILY = "1,2";
			};
			name = Debug;
		};
		18AA3D5A2B7FB64B00A92CA5 /* Release */ = {
			isa = XCBuildConfiguration;
			buildSettings = {
				ASSETCATALOG_COMPILER_APPICON_NAME = AppIcon;
				ASSETCATALOG_COMPILER_GLOBAL_ACCENT_COLOR_NAME = AccentColor;
				CODE_SIGN_STYLE = Automatic;
				CURRENT_PROJECT_VERSION = 1;
				DEVELOPMENT_TEAM = 88K992FZGF;
				GENERATE_INFOPLIST_FILE = YES;
				INFOPLIST_FILE = PersonalityQuiz_Leger/Info.plist;
				INFOPLIST_KEY_CFBundleDisplayName = "Angelle Leger Rutgers University";
				INFOPLIST_KEY_UIApplicationSupportsIndirectInputEvents = YES;
				INFOPLIST_KEY_UILaunchStoryboardName = LaunchScreen;
				INFOPLIST_KEY_UIMainStoryboardFile = Main;
				INFOPLIST_KEY_UISupportedInterfaceOrientations_iPad = "UIInterfaceOrientationPortrait UIInterfaceOrientationPortraitUpsideDown UIInterfaceOrientationLandscapeLeft UIInterfaceOrientationLandscapeRight";
				INFOPLIST_KEY_UISupportedInterfaceOrientations_iPhone = "UIInterfaceOrientationPortrait UIInterfaceOrientationLandscapeLeft UIInterfaceOrientationLandscapeRight";
				LD_RUNPATH_SEARCH_PATHS = (
					"$(inherited)",
					"@executable_path/Frameworks",
				);
				MARKETING_VERSION = 1.0;
				PRODUCT_BUNDLE_IDENTIFIER = "Angelle-Leger-Rutgers-University.PersonalityQuiz-Leger";
				PRODUCT_NAME = "$(TARGET_NAME)";
				SWIFT_EMIT_LOC_STRINGS = YES;
				SWIFT_VERSION = 5.0;
				TARGETED_DEVICE_FAMILY = "1,2";
			};
			name = Release;
		};
/* End XCBuildConfiguration section */

/* Begin XCConfigurationList section */
		18AA3D3F2B7FB64900A92CA5 /* Build configuration list for PBXProject "PersonalityQuiz_Leger" */ = {
			isa = XCConfigurationList;
			buildConfigurations = (
				18AA3D562B7FB64B00A92CA5 /* Debug */,
				18AA3D572B7FB64B00A92CA5 /* Release */,
			);
			defaultConfigurationIsVisible = 0;
			defaultConfigurationName = Release;
		};
		18AA3D582B7FB64B00A92CA5 /* Build configuration list for PBXNativeTarget "PersonalityQuiz_Leger" */ = {
			isa = XCConfigurationList;
			buildConfigurations = (
				18AA3D592B7FB64B00A92CA5 /* Debug */,
				18AA3D5A2B7FB64B00A92CA5 /* Release */,
			);
			defaultConfigurationIsVisible = 0;
			defaultConfigurationName = Release;
		};
/* End XCConfigurationList section */
	};
	rootObject = 18AA3D3C2B7FB64900A92CA5 /* Project object */;
}
